
Microsoft Visual Studio Solution File, Format Version 12.00
# Visual Studio Version 17
VisualStudioVersion = 17.12.35506.116
MinimumVisualStudioVersion = 10.0.40219.1
Project("{FAE04EC0-301F-11D3-BF4B-00C04F79EFBC}") = "FirstProject", "FirstProject\FirstProject.csproj", "{56E62064-1174-47BC-9F2B-0476E58A707D}"
EndProject
Project("{FAE04EC0-301F-11D3-BF4B-00C04F79EFBC}") = "SecondProject", "SecondProject\SecondProject.csproj", "{76090C07-0DC4-4893-B23D-9F2F74588010}"
EndProject
Project("{FAE04EC0-301F-11D3-BF4B-00C04F79EFBC}") = "FirstDegree", "FirstDegree\FirstDegree.csproj", "{52F920A8-E81E-4641-8EA4-4834F746F010}"
EndProject
Project("{FAE04EC0-301F-11D3-BF4B-00C04F79EFBC}") = "QuaraticEquation", "QuaraticEquation\QuaraticEquation.csproj", "{F327207A-F868-43DC-BDD9-260B25045403}"
EndProject
Project("{FAE04EC0-301F-11D3-BF4B-00C04F79EFBC}") = "StringInteraction", "StringInteraction\StringInteraction.csproj", "{C10E4B9C-2F13-4733-87D6-976AD68A85FE}"
EndProject
Project("{FAE04EC0-301F-11D3-BF4B-00C04F79EFBC}") = "SimpleMath", "SimpleMath\SimpleMath.csproj", "{F015E307-E4B3-4431-86BF-691A9B9828DC}"
EndProject
Project("{FAE04EC0-301F-11D3-BF4B-00C04F79EFBC}") = "RefAndOutSample", "RefAndOutSample\RefAndOutSample.csproj", "{E10322C1-6696-48A3-A0CD-66B70D6ED3B1}"
EndProject
Project("{FAE04EC0-301F-11D3-BF4B-00C04F79EFBC}") = "TryParseSample", "TryParseSample\TryParseSample.csproj", "{AC7A52CC-9C2C-48EE-8C08-AC34A5F2F075}"
EndProject
Project("{FAE04EC0-301F-11D3-BF4B-00C04F79EFBC}") = "ParamSample", "ParamSample\ParamSample.csproj", "{77945A61-25B2-4C24-86DC-FDC7869F2EDB}"
EndProject
Project("{FAE04EC0-301F-11D3-BF4B-00C04F79EFBC}") = "TuplesSample", "TuplesSample\TuplesSample.csproj", "{1990A24F-EBE1-49F7-90DA-7478E89643AC}"
EndProject
Project("{FAE04EC0-301F-11D3-BF4B-00C04F79EFBC}") = "NestedLoop_Sort", "NestedLoop_Sort\NestedLoop_Sort.csproj", "{2AACCA51-9DD4-43FB-BB3B-0B74EB767422}"
EndProject
Project("{FAE04EC0-301F-11D3-BF4B-00C04F79EFBC}") = "NestedLoopShape", "NestedLoopShape\NestedLoopShape.csproj", "{394AC419-D141-417E-B557-D3CEE6CF7506}"
EndProject
Project("{FAE04EC0-301F-11D3-BF4B-00C04F79EFBC}") = "OOP1", "OOP1\OOP1.csproj", "{81A2DDBB-D88F-4E92-9D75-1DCEE63E28F3}"
EndProject
Project("{FAE04EC0-301F-11D3-BF4B-00C04F79EFBC}") = "OOP2", "OOP2\OOP2.csproj", "{1A6E5C98-CF6A-4BF2-8C80-86C36364C8F9}"
EndProject
Project("{FAE04EC0-301F-11D3-BF4B-00C04F79EFBC}") = "OOP3_ExtensionMethod", "OOP3_ExtensionMethod\OOP3_ExtensionMethod.csproj", "{FAE25540-981A-4C8B-958B-2C6E9EB21DDB}"
EndProject
Project("{FAE04EC0-301F-11D3-BF4B-00C04F79EFBC}") = "OOP4_Reuse_OOP2", "OOP4_Reuse_OOP2\OOP4_Reuse_OOP2.csproj", "{AC583845-1D44-4C0F-BF43-A049B6DA9F01}"
EndProject
Project("{FAE04EC0-301F-11D3-BF4B-00C04F79EFBC}") = "OOP5_Generic_List", "OOP5_Generic_List\OOP5_Generic_List.csproj", "{7B1DB717-4E2E-4114-B07C-06A70FF6C751}"
EndProject
Global
	GlobalSection(SolutionConfigurationPlatforms) = preSolution
		Debug|Any CPU = Debug|Any CPU
		Release|Any CPU = Release|Any CPU
	EndGlobalSection
	GlobalSection(ProjectConfigurationPlatforms) = postSolution
		{56E62064-1174-47BC-9F2B-0476E58A707D}.Debug|Any CPU.ActiveCfg = Debug|Any CPU
		{56E62064-1174-47BC-9F2B-0476E58A707D}.Debug|Any CPU.Build.0 = Debug|Any CPU
		{56E62064-1174-47BC-9F2B-0476E58A707D}.Release|Any CPU.ActiveCfg = Release|Any CPU
		{56E62064-1174-47BC-9F2B-0476E58A707D}.Release|Any CPU.Build.0 = Release|Any CPU
		{76090C07-0DC4-4893-B23D-9F2F74588010}.Debug|Any CPU.ActiveCfg = Debug|Any CPU
		{76090C07-0DC4-4893-B23D-9F2F74588010}.Debug|Any CPU.Build.0 = Debug|Any CPU
		{76090C07-0DC4-4893-B23D-9F2F74588010}.Release|Any CPU.ActiveCfg = Release|Any CPU
		{76090C07-0DC4-4893-B23D-9F2F74588010}.Release|Any CPU.Build.0 = Release|Any CPU
		{52F920A8-E81E-4641-8EA4-4834F746F010}.Debug|Any CPU.ActiveCfg = Debug|Any CPU
		{52F920A8-E81E-4641-8EA4-4834F746F010}.Debug|Any CPU.Build.0 = Debug|Any CPU
		{52F920A8-E81E-4641-8EA4-4834F746F010}.Release|Any CPU.ActiveCfg = Release|Any CPU
		{52F920A8-E81E-4641-8EA4-4834F746F010}.Release|Any CPU.Build.0 = Release|Any CPU
		{F327207A-F868-43DC-BDD9-260B25045403}.Debug|Any CPU.ActiveCfg = Debug|Any CPU
		{F327207A-F868-43DC-BDD9-260B25045403}.Debug|Any CPU.Build.0 = Debug|Any CPU
		{F327207A-F868-43DC-BDD9-260B25045403}.Release|Any CPU.ActiveCfg = Release|Any CPU
		{F327207A-F868-43DC-BDD9-260B25045403}.Release|Any CPU.Build.0 = Release|Any CPU
		{C10E4B9C-2F13-4733-87D6-976AD68A85FE}.Debug|Any CPU.ActiveCfg = Debug|Any CPU
		{C10E4B9C-2F13-4733-87D6-976AD68A85FE}.Debug|Any CPU.Build.0 = Debug|Any CPU
		{C10E4B9C-2F13-4733-87D6-976AD68A85FE}.Release|Any CPU.ActiveCfg = Release|Any CPU
		{C10E4B9C-2F13-4733-87D6-976AD68A85FE}.Release|Any CPU.Build.0 = Release|Any CPU
		{F015E307-E4B3-4431-86BF-691A9B9828DC}.Debug|Any CPU.ActiveCfg = Debug|Any CPU
		{F015E307-E4B3-4431-86BF-691A9B9828DC}.Debug|Any CPU.Build.0 = Debug|Any CPU
		{F015E307-E4B3-4431-86BF-691A9B9828DC}.Release|Any CPU.ActiveCfg = Release|Any CPU
		{F015E307-E4B3-4431-86BF-691A9B9828DC}.Release|Any CPU.Build.0 = Release|Any CPU
		{E10322C1-6696-48A3-A0CD-66B70D6ED3B1}.Debug|Any CPU.ActiveCfg = Debug|Any CPU
		{E10322C1-6696-48A3-A0CD-66B70D6ED3B1}.Debug|Any CPU.Build.0 = Debug|Any CPU
		{E10322C1-6696-48A3-A0CD-66B70D6ED3B1}.Release|Any CPU.ActiveCfg = Release|Any CPU
		{E10322C1-6696-48A3-A0CD-66B70D6ED3B1}.Release|Any CPU.Build.0 = Release|Any CPU
		{AC7A52CC-9C2C-48EE-8C08-AC34A5F2F075}.Debug|Any CPU.ActiveCfg = Debug|Any CPU
		{AC7A52CC-9C2C-48EE-8C08-AC34A5F2F075}.Debug|Any CPU.Build.0 = Debug|Any CPU
		{AC7A52CC-9C2C-48EE-8C08-AC34A5F2F075}.Release|Any CPU.ActiveCfg = Release|Any CPU
		{AC7A52CC-9C2C-48EE-8C08-AC34A5F2F075}.Release|Any CPU.Build.0 = Release|Any CPU
		{77945A61-25B2-4C24-86DC-FDC7869F2EDB}.Debug|Any CPU.ActiveCfg = Debug|Any CPU
		{77945A61-25B2-4C24-86DC-FDC7869F2EDB}.Debug|Any CPU.Build.0 = Debug|Any CPU
		{77945A61-25B2-4C24-86DC-FDC7869F2EDB}.Release|Any CPU.ActiveCfg = Release|Any CPU
		{77945A61-25B2-4C24-86DC-FDC7869F2EDB}.Release|Any CPU.Build.0 = Release|Any CPU
		{1990A24F-EBE1-49F7-90DA-7478E89643AC}.Debug|Any CPU.ActiveCfg = Debug|Any CPU
		{1990A24F-EBE1-49F7-90DA-7478E89643AC}.Debug|Any CPU.Build.0 = Debug|Any CPU
		{1990A24F-EBE1-49F7-90DA-7478E89643AC}.Release|Any CPU.ActiveCfg = Release|Any CPU
		{1990A24F-EBE1-49F7-90DA-7478E89643AC}.Release|Any CPU.Build.0 = Release|Any CPU
		{2AACCA51-9DD4-43FB-BB3B-0B74EB767422}.Debug|Any CPU.ActiveCfg = Debug|Any CPU
		{2AACCA51-9DD4-43FB-BB3B-0B74EB767422}.Debug|Any CPU.Build.0 = Debug|Any CPU
		{2AACCA51-9DD4-43FB-BB3B-0B74EB767422}.Release|Any CPU.ActiveCfg = Release|Any CPU
		{2AACCA51-9DD4-43FB-BB3B-0B74EB767422}.Release|Any CPU.Build.0 = Release|Any CPU
		{394AC419-D141-417E-B557-D3CEE6CF7506}.Debug|Any CPU.ActiveCfg = Debug|Any CPU
		{394AC419-D141-417E-B557-D3CEE6CF7506}.Debug|Any CPU.Build.0 = Debug|Any CPU
		{394AC419-D141-417E-B557-D3CEE6CF7506}.Release|Any CPU.ActiveCfg = Release|Any CPU
		{394AC419-D141-417E-B557-D3CEE6CF7506}.Release|Any CPU.Build.0 = Release|Any CPU
		{81A2DDBB-D88F-4E92-9D75-1DCEE63E28F3}.Debug|Any CPU.ActiveCfg = Debug|Any CPU
		{81A2DDBB-D88F-4E92-9D75-1DCEE63E28F3}.Debug|Any CPU.Build.0 = Debug|Any CPU
		{81A2DDBB-D88F-4E92-9D75-1DCEE63E28F3}.Release|Any CPU.ActiveCfg = Release|Any CPU
		{81A2DDBB-D88F-4E92-9D75-1DCEE63E28F3}.Release|Any CPU.Build.0 = Release|Any CPU
		{1A6E5C98-CF6A-4BF2-8C80-86C36364C8F9}.Debug|Any CPU.ActiveCfg = Debug|Any CPU
		{1A6E5C98-CF6A-4BF2-8C80-86C36364C8F9}.Debug|Any CPU.Build.0 = Debug|Any CPU
		{1A6E5C98-CF6A-4BF2-8C80-86C36364C8F9}.Release|Any CPU.ActiveCfg = Release|Any CPU
		{1A6E5C98-CF6A-4BF2-8C80-86C36364C8F9}.Release|Any CPU.Build.0 = Release|Any CPU
		{FAE25540-981A-4C8B-958B-2C6E9EB21DDB}.Debug|Any CPU.ActiveCfg = Debug|Any CPU
		{FAE25540-981A-4C8B-958B-2C6E9EB21DDB}.Debug|Any CPU.Build.0 = Debug|Any CPU
		{FAE25540-981A-4C8B-958B-2C6E9EB21DDB}.Release|Any CPU.ActiveCfg = Release|Any CPU
		{FAE25540-981A-4C8B-958B-2C6E9EB21DDB}.Release|Any CPU.Build.0 = Release|Any CPU
		{AC583845-1D44-4C0F-BF43-A049B6DA9F01}.Debug|Any CPU.ActiveCfg = Debug|Any CPU
		{AC583845-1D44-4C0F-BF43-A049B6DA9F01}.Debug|Any CPU.Build.0 = Debug|Any CPU
		{AC583845-1D44-4C0F-BF43-A049B6DA9F01}.Release|Any CPU.ActiveCfg = Release|Any CPU
		{AC583845-1D44-4C0F-BF43-A049B6DA9F01}.Release|Any CPU.Build.0 = Release|Any CPU
		{7B1DB717-4E2E-4114-B07C-06A70FF6C751}.Debug|Any CPU.ActiveCfg = Debug|Any CPU
		{7B1DB717-4E2E-4114-B07C-06A70FF6C751}.Debug|Any CPU.Build.0 = Debug|Any CPU
		{7B1DB717-4E2E-4114-B07C-06A70FF6C751}.Release|Any CPU.ActiveCfg = Release|Any CPU
		{7B1DB717-4E2E-4114-B07C-06A70FF6C751}.Release|Any CPU.Build.0 = Release|Any CPU
	EndGlobalSection
	GlobalSection(SolutionProperties) = preSolution
		HideSolutionNode = FALSE
	EndGlobalSection
EndGlobal
